// !$*UTF8*$!
{
	archiveVersion = 1;
	classes = {
	};
	objectVersion = 46;
	objects = {

/* Begin PBXBuildFile section */
		AAA057901E8AF04D004DD3C3 /* main.m in Sources */ = {isa = PBXBuildFile; fileRef = AAA0578F1E8AF04D004DD3C3 /* main.m */; };
		AAA057931E8AF04D004DD3C3 /* AppDelegate.m in Sources */ = {isa = PBXBuildFile; fileRef = AAA057921E8AF04D004DD3C3 /* AppDelegate.m */; };
		AAA057961E8AF04D004DD3C3 /* ViewController.m in Sources */ = {isa = PBXBuildFile; fileRef = AAA057951E8AF04D004DD3C3 /* ViewController.m */; };
		AAA057991E8AF04D004DD3C3 /* Main.storyboard in Resources */ = {isa = PBXBuildFile; fileRef = AAA057971E8AF04D004DD3C3 /* Main.storyboard */; };
		AAA0579B1E8AF04D004DD3C3 /* Assets.xcassets in Resources */ = {isa = PBXBuildFile; fileRef = AAA0579A1E8AF04D004DD3C3 /* Assets.xcassets */; };
		AAA0579E1E8AF04D004DD3C3 /* LaunchScreen.storyboard in Resources */ = {isa = PBXBuildFile; fileRef = AAA0579C1E8AF04D004DD3C3 /* LaunchScreen.storyboard */; };
		AAA057A91E8AF04D004DD3C3 /* PlayingWithZXingTests.m in Sources */ = {isa = PBXBuildFile; fileRef = AAA057A81E8AF04D004DD3C3 /* PlayingWithZXingTests.m */; };
		AAA057B41E8AF04D004DD3C3 /* PlayingWithZXingUITests.m in Sources */ = {isa = PBXBuildFile; fileRef = AAA057B31E8AF04D004DD3C3 /* PlayingWithZXingUITests.m */; };
/* End PBXBuildFile section */

/* Begin PBXContainerItemProxy section */
		AAA057A51E8AF04D004DD3C3 /* PBXContainerItemProxy */ = {
			isa = PBXContainerItemProxy;
			containerPortal = AAA057831E8AF04D004DD3C3 /* Project object */;
			proxyType = 1;
			remoteGlobalIDString = AAA0578A1E8AF04D004DD3C3;
			remoteInfo = PlayingWithZXing;
		};
		AAA057B01E8AF04D004DD3C3 /* PBXContainerItemProxy */ = {
			isa = PBXContainerItemProxy;
			containerPortal = AAA057831E8AF04D004DD3C3 /* Project object */;
			proxyType = 1;
			remoteGlobalIDString = AAA0578A1E8AF04D004DD3C3;
			remoteInfo = PlayingWithZXing;
		};
/* End PBXContainerItemProxy section */

/* Begin PBXFileReference section */
		AAA0578B1E8AF04D004DD3C3 /* PlayingWithZXing.app */ = {isa = PBXFileReference; explicitFileType = wrapper.application; includeInIndex = 0; path = PlayingWithZXing.app; sourceTree = BUILT_PRODUCTS_DIR; };
		AAA0578F1E8AF04D004DD3C3 /* main.m */ = {isa = PBXFileReference; lastKnownFileType = sourcecode.c.objc; path = main.m; sourceTree = "<group>"; };
		AAA057911E8AF04D004DD3C3 /* AppDelegate.h */ = {isa = PBXFileReference; lastKnownFileType = sourcecode.c.h; path = AppDelegate.h; sourceTree = "<group>"; };
		AAA057921E8AF04D004DD3C3 /* AppDelegate.m */ = {isa = PBXFileReference; lastKnownFileType = sourcecode.c.objc; path = AppDelegate.m; sourceTree = "<group>"; };
		AAA057941E8AF04D004DD3C3 /* ViewController.h */ = {isa = PBXFileReference; lastKnownFileType = sourcecode.c.h; path = ViewController.h; sourceTree = "<group>"; };
		AAA057951E8AF04D004DD3C3 /* ViewController.m */ = {isa = PBXFileReference; lastKnownFileType = sourcecode.c.objc; path = ViewController.m; sourceTree = "<group>"; };
		AAA057981E8AF04D004DD3C3 /* Base */ = {isa = PBXFileReference; lastKnownFileType = file.storyboard; name = Base; path = Base.lproj/Main.storyboard; sourceTree = "<group>"; };
		AAA0579A1E8AF04D004DD3C3 /* Assets.xcassets */ = {isa = PBXFileReference; lastKnownFileType = folder.assetcatalog; path = Assets.xcassets; sourceTree = "<group>"; };
		AAA0579D1E8AF04D004DD3C3 /* Base */ = {isa = PBXFileReference; lastKnownFileType = file.storyboard; name = Base; path = Base.lproj/LaunchScreen.storyboard; sourceTree = "<group>"; };
		AAA0579F1E8AF04D004DD3C3 /* Info.plist */ = {isa = PBXFileReference; lastKnownFileType = text.plist.xml; path = Info.plist; sourceTree = "<group>"; };
		AAA057A41E8AF04D004DD3C3 /* PlayingWithZXingTests.xctest */ = {isa = PBXFileReference; explicitFileType = wrapper.cfbundle; includeInIndex = 0; path = PlayingWithZXingTests.xctest; sourceTree = BUILT_PRODUCTS_DIR; };
		AAA057A81E8AF04D004DD3C3 /* PlayingWithZXingTests.m */ = {isa = PBXFileReference; lastKnownFileType = sourcecode.c.objc; path = PlayingWithZXingTests.m; sourceTree = "<group>"; };
		AAA057AA1E8AF04D004DD3C3 /* Info.plist */ = {isa = PBXFileReference; lastKnownFileType = text.plist.xml; path = Info.plist; sourceTree = "<group>"; };
		AAA057AF1E8AF04D004DD3C3 /* PlayingWithZXingUITests.xctest */ = {isa = PBXFileReference; explicitFileType = wrapper.cfbundle; includeInIndex = 0; path = PlayingWithZXingUITests.xctest; sourceTree = BUILT_PRODUCTS_DIR; };
		AAA057B31E8AF04D004DD3C3 /* PlayingWithZXingUITests.m */ = {isa = PBXFileReference; lastKnownFileType = sourcecode.c.objc; path = PlayingWithZXingUITests.m; sourceTree = "<group>"; };
		AAA057B51E8AF04D004DD3C3 /* Info.plist */ = {isa = PBXFileReference; lastKnownFileType = text.plist.xml; path = Info.plist; sourceTree = "<group>"; };
/* End PBXFileReference section */

/* Begin PBXFrameworksBuildPhase section */
		AAA057881E8AF04D004DD3C3 /* Frameworks */ = {
			isa = PBXFrameworksBuildPhase;
			buildActionMask = 2147483647;
			files = (
			);
			runOnlyForDeploymentPostprocessing = 0;
		};
		AAA057A11E8AF04D004DD3C3 /* Frameworks */ = {
			isa = PBXFrameworksBuildPhase;
			buildActionMask = 2147483647;
			files = (
			);
			runOnlyForDeploymentPostprocessing = 0;
		};
		AAA057AC1E8AF04D004DD3C3 /* Frameworks */ = {
			isa = PBXFrameworksBuildPhase;
			buildActionMask = 2147483647;
			files = (
			);
			runOnlyForDeploymentPostprocessing = 0;
		};
/* End PBXFrameworksBuildPhase section */

/* Begin PBXGroup section */
		AAA057821E8AF04D004DD3C3 = {
			isa = PBXGroup;
			children = (
				AAA0578D1E8AF04D004DD3C3 /* PlayingWithZXing */,
				AAA057A71E8AF04D004DD3C3 /* PlayingWithZXingTests */,
				AAA057B21E8AF04D004DD3C3 /* PlayingWithZXingUITests */,
				AAA0578C1E8AF04D004DD3C3 /* Products */,
			);
			sourceTree = "<group>";
		};
		AAA0578C1E8AF04D004DD3C3 /* Products */ = {
			isa = PBXGroup;
			children = (
				AAA0578B1E8AF04D004DD3C3 /* PlayingWithZXing.app */,
				AAA057A41E8AF04D004DD3C3 /* PlayingWithZXingTests.xctest */,
				AAA057AF1E8AF04D004DD3C3 /* PlayingWithZXingUITests.xctest */,
			);
			name = Products;
			sourceTree = "<group>";
		};
		AAA0578D1E8AF04D004DD3C3 /* PlayingWithZXing */ = {
			isa = PBXGroup;
			children = (
				AAA057911E8AF04D004DD3C3 /* AppDelegate.h */,
				AAA057921E8AF04D004DD3C3 /* AppDelegate.m */,
				AAA057941E8AF04D004DD3C3 /* ViewController.h */,
				AAA057951E8AF04D004DD3C3 /* ViewController.m */,
				AAA057971E8AF04D004DD3C3 /* Main.storyboard */,
				AAA0579A1E8AF04D004DD3C3 /* Assets.xcassets */,
				AAA0579C1E8AF04D004DD3C3 /* LaunchScreen.storyboard */,
				AAA0579F1E8AF04D004DD3C3 /* Info.plist */,
				AAA0578E1E8AF04D004DD3C3 /* Supporting Files */,
			);
			path = PlayingWithZXing;
			sourceTree = "<group>";
		};
		AAA0578E1E8AF04D004DD3C3 /* Supporting Files */ = {
			isa = PBXGroup;
			children = (
				AAA0578F1E8AF04D004DD3C3 /* main.m */,
			);
			name = "Supporting Files";
			sourceTree = "<group>";
		};
		AAA057A71E8AF04D004DD3C3 /* PlayingWithZXingTests */ = {
			isa = PBXGroup;
			children = (
				AAA057A81E8AF04D004DD3C3 /* PlayingWithZXingTests.m */,
				AAA057AA1E8AF04D004DD3C3 /* Info.plist */,
			);
			path = PlayingWithZXingTests;
			sourceTree = "<group>";
		};
		AAA057B21E8AF04D004DD3C3 /* PlayingWithZXingUITests */ = {
			isa = PBXGroup;
			children = (
				AAA057B31E8AF04D004DD3C3 /* PlayingWithZXingUITests.m */,
				AAA057B51E8AF04D004DD3C3 /* Info.plist */,
			);
			path = PlayingWithZXingUITests;
			sourceTree = "<group>";
		};
/* End PBXGroup section */

/* Begin PBXNativeTarget section */
		AAA0578A1E8AF04D004DD3C3 /* PlayingWithZXing */ = {
			isa = PBXNativeTarget;
			buildConfigurationList = AAA057B81E8AF04D004DD3C3 /* Build configuration list for PBXNativeTarget "PlayingWithZXing" */;
			buildPhases = (
				AAA057871E8AF04D004DD3C3 /* Sources */,
				AAA057881E8AF04D004DD3C3 /* Frameworks */,
				AAA057891E8AF04D004DD3C3 /* Resources */,
			);
			buildRules = (
			);
			dependencies = (
			);
			name = PlayingWithZXing;
			productName = PlayingWithZXing;
			productReference = AAA0578B1E8AF04D004DD3C3 /* PlayingWithZXing.app */;
			productType = "com.apple.product-type.application";
		};
		AAA057A31E8AF04D004DD3C3 /* PlayingWithZXingTests */ = {
			isa = PBXNativeTarget;
			buildConfigurationList = AAA057BB1E8AF04D004DD3C3 /* Build configuration list for PBXNativeTarget "PlayingWithZXingTests" */;
			buildPhases = (
				AAA057A01E8AF04D004DD3C3 /* Sources */,
				AAA057A11E8AF04D004DD3C3 /* Frameworks */,
				AAA057A21E8AF04D004DD3C3 /* Resources */,
			);
			buildRules = (
			);
			dependencies = (
				AAA057A61E8AF04D004DD3C3 /* PBXTargetDependency */,
			);
			name = PlayingWithZXingTests;
			productName = PlayingWithZXingTests;
			productReference = AAA057A41E8AF04D004DD3C3 /* PlayingWithZXingTests.xctest */;
			productType = "com.apple.product-type.bundle.unit-test";
		};
		AAA057AE1E8AF04D004DD3C3 /* PlayingWithZXingUITests */ = {
			isa = PBXNativeTarget;
			buildConfigurationList = AAA057BE1E8AF04D004DD3C3 /* Build configuration list for PBXNativeTarget "PlayingWithZXingUITests" */;
			buildPhases = (
				AAA057AB1E8AF04D004DD3C3 /* Sources */,
				AAA057AC1E8AF04D004DD3C3 /* Frameworks */,
				AAA057AD1E8AF04D004DD3C3 /* Resources */,
			);
			buildRules = (
			);
			dependencies = (
				AAA057B11E8AF04D004DD3C3 /* PBXTargetDependency */,
			);
			name = PlayingWithZXingUITests;
			productName = PlayingWithZXingUITests;
			productReference = AAA057AF1E8AF04D004DD3C3 /* PlayingWithZXingUITests.xctest */;
			productType = "com.apple.product-type.bundle.ui-testing";
		};
/* End PBXNativeTarget section */

/* Begin PBXProject section */
		AAA057831E8AF04D004DD3C3 /* Project object */ = {
			isa = PBXProject;
			attributes = {
				LastUpgradeCheck = 0820;
				ORGANIZATIONNAME = "Madeleine Hardt";
				TargetAttributes = {
					AAA0578A1E8AF04D004DD3C3 = {
						CreatedOnToolsVersion = 8.2.1;
						ProvisioningStyle = Automatic;
					};
					AAA057A31E8AF04D004DD3C3 = {
						CreatedOnToolsVersion = 8.2.1;
						ProvisioningStyle = Automatic;
						TestTargetID = AAA0578A1E8AF04D004DD3C3;
					};
					AAA057AE1E8AF04D004DD3C3 = {
						CreatedOnToolsVersion = 8.2.1;
						ProvisioningStyle = Automatic;
						TestTargetID = AAA0578A1E8AF04D004DD3C3;
					};
				};
			};
			buildConfigurationList = AAA057861E8AF04D004DD3C3 /* Build configuration list for PBXProject "PlayingWithZXing" */;
			compatibilityVersion = "Xcode 3.2";
			developmentRegion = English;
			hasScannedForEncodings = 0;
			knownRegions = (
				en,
				Base,
			);
			mainGroup = AAA057821E8AF04D004DD3C3;
			productRefGroup = AAA0578C1E8AF04D004DD3C3 /* Products */;
			projectDirPath = "";
			projectRoot = "";
			targets = (
				AAA0578A1E8AF04D004DD3C3 /* PlayingWithZXing */,
				AAA057A31E8AF04D004DD3C3 /* PlayingWithZXingTests */,
				AAA057AE1E8AF04D004DD3C3 /* PlayingWithZXingUITests */,
			);
		};
/* End PBXProject section */

/* Begin PBXResourcesBuildPhase section */
		AAA057891E8AF04D004DD3C3 /* Resources */ = {
			isa = PBXResourcesBuildPhase;
			buildActionMask = 2147483647;
			files = (
				AAA0579E1E8AF04D004DD3C3 /* LaunchScreen.storyboard in Resources */,
				AAA0579B1E8AF04D004DD3C3 /* Assets.xcassets in Resources */,
				AAA057991E8AF04D004DD3C3 /* Main.storyboard in Resources */,
			);
			runOnlyForDeploymentPostprocessing = 0;
		};
		AAA057A21E8AF04D004DD3C3 /* Resources */ = {
			isa = PBXResourcesBuildPhase;
			buildActionMask = 2147483647;
			files = (
			);
			runOnlyForDeploymentPostprocessing = 0;
		};
		AAA057AD1E8AF04D004DD3C3 /* Resources */ = {
			isa = PBXResourcesBuildPhase;
			buildActionMask = 2147483647;
			files = (
			);
			runOnlyForDeploymentPostprocessing = 0;
		};
/* End PBXResourcesBuildPhase section */

/* Begin PBXSourcesBuildPhase section */
		AAA057871E8AF04D004DD3C3 /* Sources */ = {
			isa = PBXSourcesBuildPhase;
			buildActionMask = 2147483647;
			files = (
				AAA057961E8AF04D004DD3C3 /* ViewController.m in Sources */,
				AAA057931E8AF04D004DD3C3 /* AppDelegate.m in Sources */,
				AAA057901E8AF04D004DD3C3 /* main.m in Sources */,
			);
			runOnlyForDeploymentPostprocessing = 0;
		};
		AAA057A01E8AF04D004DD3C3 /* Sources */ = {
			isa = PBXSourcesBuildPhase;
			buildActionMask = 2147483647;
			files = (
				AAA057A91E8AF04D004DD3C3 /* PlayingWithZXingTests.m in Sources */,
			);
			runOnlyForDeploymentPostprocessing = 0;
		};
		AAA057AB1E8AF04D004DD3C3 /* Sources */ = {
			isa = PBXSourcesBuildPhase;
			buildActionMask = 2147483647;
			files = (
				AAA057B41E8AF04D004DD3C3 /* PlayingWithZXingUITests.m in Sources */,
			);
			runOnlyForDeploymentPostprocessing = 0;
		};
/* End PBXSourcesBuildPhase section */

/* Begin PBXTargetDependency section */
		AAA057A61E8AF04D004DD3C3 /* PBXTargetDependency */ = {
			isa = PBXTargetDependency;
			target = AAA0578A1E8AF04D004DD3C3 /* PlayingWithZXing */;
			targetProxy = AAA057A51E8AF04D004DD3C3 /* PBXContainerItemProxy */;
		};
		AAA057B11E8AF04D004DD3C3 /* PBXTargetDependency */ = {
			isa = PBXTargetDependency;
			target = AAA0578A1E8AF04D004DD3C3 /* PlayingWithZXing */;
			targetProxy = AAA057B01E8AF04D004DD3C3 /* PBXContainerItemProxy */;
		};
/* End PBXTargetDependency section */

/* Begin PBXVariantGroup section */
		AAA057971E8AF04D004DD3C3 /* Main.storyboard */ = {
			isa = PBXVariantGroup;
			children = (
				AAA057981E8AF04D004DD3C3 /* Base */,
			);
			name = Main.storyboard;
			sourceTree = "<group>";
		};
		AAA0579C1E8AF04D004DD3C3 /* LaunchScreen.storyboard */ = {
			isa = PBXVariantGroup;
			children = (
				AAA0579D1E8AF04D004DD3C3 /* Base */,
			);
			name = LaunchScreen.storyboard;
			sourceTree = "<group>";
		};
/* End PBXVariantGroup section */

/* Begin XCBuildConfiguration section */
		AAA057B61E8AF04D004DD3C3 /* Debug */ = {
			isa = XCBuildConfiguration;
			buildSettings = {
				ALWAYS_SEARCH_USER_PATHS = NO;
				CLANG_ANALYZER_NONNULL = YES;
				CLANG_CXX_LANGUAGE_STANDARD = "gnu++0x";
				CLANG_CXX_LIBRARY = "libc++";
				CLANG_ENABLE_MODULES = YES;
				CLANG_ENABLE_OBJC_ARC = YES;
				CLANG_WARN_BOOL_CONVERSION = YES;
				CLANG_WARN_CONSTANT_CONVERSION = YES;
				CLANG_WARN_DIRECT_OBJC_ISA_USAGE = YES_ERROR;
				CLANG_WARN_DOCUMENTATION_COMMENTS = YES;
				CLANG_WARN_EMPTY_BODY = YES;
				CLANG_WARN_ENUM_CONVERSION = YES;
				CLANG_WARN_INFINITE_RECURSION = YES;
				CLANG_WARN_INT_CONVERSION = YES;
				CLANG_WARN_OBJC_ROOT_CLASS = YES_ERROR;
				CLANG_WARN_SUSPICIOUS_MOVE = YES;
				CLANG_WARN_UNREACHABLE_CODE = YES;
				CLANG_WARN__DUPLICATE_METHOD_MATCH = YES;
				"CODE_SIGN_IDENTITY[sdk=iphoneos*]" = "iPhone Developer";
				COPY_PHASE_STRIP = NO;
				DEBUG_INFORMATION_FORMAT = dwarf;
				ENABLE_STRICT_OBJC_MSGSEND = YES;
				ENABLE_TESTABILITY = YES;
				GCC_C_LANGUAGE_STANDARD = gnu99;
				GCC_DYNAMIC_NO_PIC = NO;
				GCC_NO_COMMON_BLOCKS = YES;
				GCC_OPTIMIZATION_LEVEL = 0;
				GCC_PREPROCESSOR_DEFINITIONS = (
					"DEBUG=1",
					"$(inherited)",
				);
				GCC_WARN_64_TO_32_BIT_CONVERSION = YES;
				GCC_WARN_ABOUT_RETURN_TYPE = YES_ERROR;
				GCC_WARN_UNDECLARED_SELECTOR = YES;
				GCC_WARN_UNINITIALIZED_AUTOS = YES_AGGRESSIVE;
				GCC_WARN_UNUSED_FUNCTION = YES;
				GCC_WARN_UNUSED_VARIABLE = YES;
				IPHONEOS_DEPLOYMENT_TARGET = 10.2;
				MTL_ENABLE_DEBUG_INFO = YES;
				ONLY_ACTIVE_ARCH = YES;
				SDKROOT = iphoneos;
				TARGETED_DEVICE_FAMILY = "1,2";
			};
			name = Debug;
		};
		AAA057B71E8AF04D004DD3C3 /* Release */ = {
			isa = XCBuildConfiguration;
			buildSettings = {
				ALWAYS_SEARCH_USER_PATHS = NO;
				CLANG_ANALYZER_NONNULL = YES;
				CLANG_CXX_LANGUAGE_STANDARD = "gnu++0x";
				CLANG_CXX_LIBRARY = "libc++";
				CLANG_ENABLE_MODULES = YES;
				CLANG_ENABLE_OBJC_ARC = YES;
				CLANG_WARN_BOOL_CONVERSION = YES;
				CLANG_WARN_CONSTANT_CONVERSION = YES;
				CLANG_WARN_DIRECT_OBJC_ISA_USAGE = YES_ERROR;
				CLANG_WARN_DOCUMENTATION_COMMENTS = YES;
				CLANG_WARN_EMPTY_BODY = YES;
				CLANG_WARN_ENUM_CONVERSION = YES;
				CLANG_WARN_INFINITE_RECURSION = YES;
				CLANG_WARN_INT_CONVERSION = YES;
				CLANG_WARN_OBJC_ROOT_CLASS = YES_ERROR;
				CLANG_WARN_SUSPICIOUS_MOVE = YES;
				CLANG_WARN_UNREACHABLE_CODE = YES;
				CLANG_WARN__DUPLICATE_METHOD_MATCH = YES;
				"CODE_SIGN_IDENTITY[sdk=iphoneos*]" = "iPhone Developer";
				COPY_PHASE_STRIP = NO;
				DEBUG_INFORMATION_FORMAT = "dwarf-with-dsym";
				ENABLE_NS_ASSERTIONS = NO;
				ENABLE_STRICT_OBJC_MSGSEND = YES;
				GCC_C_LANGUAGE_STANDARD = gnu99;
				GCC_NO_COMMON_BLOCKS = YES;
				GCC_WARN_64_TO_32_BIT_CONVERSION = YES;
				GCC_WARN_ABOUT_RETURN_TYPE = YES_ERROR;
				GCC_WARN_UNDECLARED_SELECTOR = YES;
				GCC_WARN_UNINITIALIZED_AUTOS = YES_AGGRESSIVE;
				GCC_WARN_UNUSED_FUNCTION = YES;
				GCC_WARN_UNUSED_VARIABLE = YES;
				IPHONEOS_DEPLOYMENT_TARGET = 10.2;
				MTL_ENABLE_DEBUG_INFO = NO;
				SDKROOT = iphoneos;
				TARGETED_DEVICE_FAMILY = "1,2";
				VALIDATE_PRODUCT = YES;
			};
			name = Release;
		};
		AAA057B91E8AF04D004DD3C3 /* Debug */ = {
			isa = XCBuildConfiguration;
			buildSettings = {
				ASSETCATALOG_COMPILER_APPICON_NAME = AppIcon;
				INFOPLIST_FILE = PlayingWithZXing/Info.plist;
				LD_RUNPATH_SEARCH_PATHS = "$(inherited) @executable_path/Frameworks";
				PRODUCT_BUNDLE_IDENTIFIER = com.maddy.PlayingWithZXing;
				PRODUCT_NAME = "$(TARGET_NAME)";
			};
			name = Debug;
		};
		AAA057BA1E8AF04D004DD3C3 /* Release */ = {
			isa = XCBuildConfiguration;
			buildSettings = {
				ASSETCATALOG_COMPILER_APPICON_NAME = AppIcon;
				INFOPLIST_FILE = PlayingWithZXing/Info.plist;
				LD_RUNPATH_SEARCH_PATHS = "$(inherited) @executable_path/Frameworks";
				PRODUCT_BUNDLE_IDENTIFIER = com.maddy.PlayingWithZXing;
				PRODUCT_NAME = "$(TARGET_NAME)";
			};
			name = Release;
		};
		AAA057BC1E8AF04D004DD3C3 /* Debug */ = {
			isa = XCBuildConfiguration;
			buildSettings = {
				BUNDLE_LOADER = "$(TEST_HOST)";
				INFOPLIST_FILE = PlayingWithZXingTests/Info.plist;
				LD_RUNPATH_SEARCH_PATHS = "$(inherited) @executable_path/Frameworks @loader_path/Frameworks";
				PRODUCT_BUNDLE_IDENTIFIER = com.maddy.PlayingWithZXingTests;
				PRODUCT_NAME = "$(TARGET_NAME)";
				TEST_HOST = "$(BUILT_PRODUCTS_DIR)/PlayingWithZXing.app/PlayingWithZXing";
			};
			name = Debug;
		};
		AAA057BD1E8AF04D004DD3C3 /* Release */ = {
			isa = XCBuildConfiguration;
			buildSettings = {
				BUNDLE_LOADER = "$(TEST_HOST)";
				INFOPLIST_FILE = PlayingWithZXingTests/Info.plist;
				LD_RUNPATH_SEARCH_PATHS = "$(inherited) @executable_path/Frameworks @loader_path/Frameworks";
				PRODUCT_BUNDLE_IDENTIFIER = com.maddy.PlayingWithZXingTests;
				PRODUCT_NAME = "$(TARGET_NAME)";
				TEST_HOST = "$(BUILT_PRODUCTS_DIR)/PlayingWithZXing.app/PlayingWithZXing";
			};
			name = Release;
		};
		AAA057BF1E8AF04D004DD3C3 /* Debug */ = {
			isa = XCBuildConfiguration;
			buildSettings = {
				INFOPLIST_FILE = PlayingWithZXingUITests/Info.plist;
				LD_RUNPATH_SEARCH_PATHS = "$(inherited) @executable_path/Frameworks @loader_path/Frameworks";
				PRODUCT_BUNDLE_IDENTIFIER = com.maddy.PlayingWithZXingUITests;
				PRODUCT_NAME = "$(TARGET_NAME)";
				TEST_TARGET_NAME = PlayingWithZXing;
			};
			name = Debug;
		};
		AAA057C01E8AF04D004DD3C3 /* Release */ = {
			isa = XCBuildConfiguration;
			buildSettings = {
				INFOPLIST_FILE = PlayingWithZXingUITests/Info.plist;
				LD_RUNPATH_SEARCH_PATHS = "$(inherited) @executable_path/Frameworks @loader_path/Frameworks";
				PRODUCT_BUNDLE_IDENTIFIER = com.maddy.PlayingWithZXingUITests;
				PRODUCT_NAME = "$(TARGET_NAME)";
				TEST_TARGET_NAME = PlayingWithZXing;
			};
			name = Release;
		};
/* End XCBuildConfiguration section */

/* Begin XCConfigurationList section */
		AAA057861E8AF04D004DD3C3 /* Build configuration list for PBXProject "PlayingWithZXing" */ = {
			isa = XCConfigurationList;
			buildConfigurations = (
				AAA057B61E8AF04D004DD3C3 /* Debug */,
				AAA057B71E8AF04D004DD3C3 /* Release */,
			);
			defaultConfigurationIsVisible = 0;
			defaultConfigurationName = Release;
		};
		AAA057B81E8AF04D004DD3C3 /* Build configuration list for PBXNativeTarget "PlayingWithZXing" */ = {
			isa = XCConfigurationList;
			buildConfigurations = (
				AAA057B91E8AF04D004DD3C3 /* Debug */,
				AAA057BA1E8AF04D004DD3C3 /* Release */,
			);
			defaultConfigurationIsVisible = 0;
		};
		AAA057BB1E8AF04D004DD3C3 /* Build configuration list for PBXNativeTarget "PlayingWithZXingTests" */ = {
			isa = XCConfigurationList;
			buildConfigurations = (
				AAA057BC1E8AF04D004DD3C3 /* Debug */,
				AAA057BD1E8AF04D004DD3C3 /* Release */,
			);
			defaultConfigurationIsVisible = 0;
		};
		AAA057BE1E8AF04D004DD3C3 /* Build configuration list for PBXNativeTarget "PlayingWithZXingUITests" */ = {
			isa = XCConfigurationList;
			buildConfigurations = (
				AAA057BF1E8AF04D004DD3C3 /* Debug */,
				AAA057C01E8AF04D004DD3C3 /* Release */,
			);
			defaultConfigurationIsVisible = 0;
		};
/* End XCConfigurationList section */
	};
	rootObject = AAA057831E8AF04D004DD3C3 /* Project object */;
}
